// !$*UTF8*$!
{
	archiveVersion = 1;
	classes = {
	};
	objectVersion = 56;
	objects = {

/* Begin PBXBuildFile section */
		BF1A532C2BFF0F2F004F0B6B /* Idle_ClickerApp.swift in Sources */ = {isa = PBXBuildFile; fileRef = BF1A532B2BFF0F2F004F0B6B /* Idle_ClickerApp.swift */; };
		BF1A532E2BFF0F2F004F0B6B /* ContentView.swift in Sources */ = {isa = PBXBuildFile; fileRef = BF1A532D2BFF0F2F004F0B6B /* ContentView.swift */; };
		BF1A53302BFF0F30004F0B6B /* Assets.xcassets in Resources */ = {isa = PBXBuildFile; fileRef = BF1A532F2BFF0F30004F0B6B /* Assets.xcassets */; };
		BF1A53332BFF0F30004F0B6B /* Preview Assets.xcassets in Resources */ = {isa = PBXBuildFile; fileRef = BF1A53322BFF0F30004F0B6B /* Preview Assets.xcassets */; };
		BF1A533D2BFF0F30004F0B6B /* Idle_ClickerTests.swift in Sources */ = {isa = PBXBuildFile; fileRef = BF1A533C2BFF0F30004F0B6B /* Idle_ClickerTests.swift */; };
		BF1A53472BFF0F30004F0B6B /* Idle_ClickerUITests.swift in Sources */ = {isa = PBXBuildFile; fileRef = BF1A53462BFF0F30004F0B6B /* Idle_ClickerUITests.swift */; };
		BF1A53492BFF0F30004F0B6B /* Idle_ClickerUITestsLaunchTests.swift in Sources */ = {isa = PBXBuildFile; fileRef = BF1A53482BFF0F30004F0B6B /* Idle_ClickerUITestsLaunchTests.swift */; };
/* End PBXBuildFile section */

/* Begin PBXContainerItemProxy section */
		BF1A53392BFF0F30004F0B6B /* PBXContainerItemProxy */ = {
			isa = PBXContainerItemProxy;
			containerPortal = BF1A53202BFF0F2F004F0B6B /* Project object */;
			proxyType = 1;
			remoteGlobalIDString = BF1A53272BFF0F2F004F0B6B;
			remoteInfo = "Idle Clicker";
		};
		BF1A53432BFF0F30004F0B6B /* PBXContainerItemProxy */ = {
			isa = PBXContainerItemProxy;
			containerPortal = BF1A53202BFF0F2F004F0B6B /* Project object */;
			proxyType = 1;
			remoteGlobalIDString = BF1A53272BFF0F2F004F0B6B;
			remoteInfo = "Idle Clicker";
		};
/* End PBXContainerItemProxy section */

/* Begin PBXFileReference section */
		BF1A53282BFF0F2F004F0B6B /* Idle Clicker.app */ = {isa = PBXFileReference; explicitFileType = wrapper.application; includeInIndex = 0; path = "Idle Clicker.app"; sourceTree = BUILT_PRODUCTS_DIR; };
		BF1A532B2BFF0F2F004F0B6B /* Idle_ClickerApp.swift */ = {isa = PBXFileReference; lastKnownFileType = sourcecode.swift; path = Idle_ClickerApp.swift; sourceTree = "<group>"; };
		BF1A532D2BFF0F2F004F0B6B /* ContentView.swift */ = {isa = PBXFileReference; lastKnownFileType = sourcecode.swift; path = ContentView.swift; sourceTree = "<group>"; };
		BF1A532F2BFF0F30004F0B6B /* Assets.xcassets */ = {isa = PBXFileReference; lastKnownFileType = folder.assetcatalog; path = Assets.xcassets; sourceTree = "<group>"; };
		BF1A53322BFF0F30004F0B6B /* Preview Assets.xcassets */ = {isa = PBXFileReference; lastKnownFileType = folder.assetcatalog; path = "Preview Assets.xcassets"; sourceTree = "<group>"; };
		BF1A53382BFF0F30004F0B6B /* Idle ClickerTests.xctest */ = {isa = PBXFileReference; explicitFileType = wrapper.cfbundle; includeInIndex = 0; path = "Idle ClickerTests.xctest"; sourceTree = BUILT_PRODUCTS_DIR; };
		BF1A533C2BFF0F30004F0B6B /* Idle_ClickerTests.swift */ = {isa = PBXFileReference; lastKnownFileType = sourcecode.swift; path = Idle_ClickerTests.swift; sourceTree = "<group>"; };
		BF1A53422BFF0F30004F0B6B /* Idle ClickerUITests.xctest */ = {isa = PBXFileReference; explicitFileType = wrapper.cfbundle; includeInIndex = 0; path = "Idle ClickerUITests.xctest"; sourceTree = BUILT_PRODUCTS_DIR; };
		BF1A53462BFF0F30004F0B6B /* Idle_ClickerUITests.swift */ = {isa = PBXFileReference; lastKnownFileType = sourcecode.swift; path = Idle_ClickerUITests.swift; sourceTree = "<group>"; };
		BF1A53482BFF0F30004F0B6B /* Idle_ClickerUITestsLaunchTests.swift */ = {isa = PBXFileReference; lastKnownFileType = sourcecode.swift; path = Idle_ClickerUITestsLaunchTests.swift; sourceTree = "<group>"; };
/* End PBXFileReference section */

/* Begin PBXFrameworksBuildPhase section */
		BF1A53252BFF0F2F004F0B6B /* Frameworks */ = {
			isa = PBXFrameworksBuildPhase;
			buildActionMask = 2147483647;
			files = (
			);
			runOnlyForDeploymentPostprocessing = 0;
		};
		BF1A53352BFF0F30004F0B6B /* Frameworks */ = {
			isa = PBXFrameworksBuildPhase;
			buildActionMask = 2147483647;
			files = (
			);
			runOnlyForDeploymentPostprocessing = 0;
		};
		BF1A533F2BFF0F30004F0B6B /* Frameworks */ = {
			isa = PBXFrameworksBuildPhase;
			buildActionMask = 2147483647;
			files = (
			);
			runOnlyForDeploymentPostprocessing = 0;
		};
/* End PBXFrameworksBuildPhase section */

/* Begin PBXGroup section */
		BF1A531F2BFF0F2F004F0B6B = {
			isa = PBXGroup;
			children = (
				BF1A532A2BFF0F2F004F0B6B /* Idle Clicker */,
				BF1A533B2BFF0F30004F0B6B /* Idle ClickerTests */,
				BF1A53452BFF0F30004F0B6B /* Idle ClickerUITests */,
				BF1A53292BFF0F2F004F0B6B /* Products */,
			);
			sourceTree = "<group>";
		};
		BF1A53292BFF0F2F004F0B6B /* Products */ = {
			isa = PBXGroup;
			children = (
				BF1A53282BFF0F2F004F0B6B /* Idle Clicker.app */,
				BF1A53382BFF0F30004F0B6B /* Idle ClickerTests.xctest */,
				BF1A53422BFF0F30004F0B6B /* Idle ClickerUITests.xctest */,
			);
			name = Products;
			sourceTree = "<group>";
		};
		BF1A532A2BFF0F2F004F0B6B /* Idle Clicker */ = {
			isa = PBXGroup;
			children = (
				BF1A532B2BFF0F2F004F0B6B /* Idle_ClickerApp.swift */,
				BF1A532D2BFF0F2F004F0B6B /* ContentView.swift */,
				BF1A532F2BFF0F30004F0B6B /* Assets.xcassets */,
				BF1A53312BFF0F30004F0B6B /* Preview Content */,
			);
			path = "Idle Clicker";
			sourceTree = "<group>";
		};
		BF1A53312BFF0F30004F0B6B /* Preview Content */ = {
			isa = PBXGroup;
			children = (
				BF1A53322BFF0F30004F0B6B /* Preview Assets.xcassets */,
			);
			path = "Preview Content";
			sourceTree = "<group>";
		};
		BF1A533B2BFF0F30004F0B6B /* Idle ClickerTests */ = {
			isa = PBXGroup;
			children = (
				BF1A533C2BFF0F30004F0B6B /* Idle_ClickerTests.swift */,
			);
			path = "Idle ClickerTests";
			sourceTree = "<group>";
		};
		BF1A53452BFF0F30004F0B6B /* Idle ClickerUITests */ = {
			isa = PBXGroup;
			children = (
				BF1A53462BFF0F30004F0B6B /* Idle_ClickerUITests.swift */,
				BF1A53482BFF0F30004F0B6B /* Idle_ClickerUITestsLaunchTests.swift */,
			);
			path = "Idle ClickerUITests";
			sourceTree = "<group>";
		};
/* End PBXGroup section */

/* Begin PBXNativeTarget section */
		BF1A53272BFF0F2F004F0B6B /* Idle Clicker */ = {
			isa = PBXNativeTarget;
			buildConfigurationList = BF1A534C2BFF0F30004F0B6B /* Build configuration list for PBXNativeTarget "Idle Clicker" */;
			buildPhases = (
				BF1A53242BFF0F2F004F0B6B /* Sources */,
				BF1A53252BFF0F2F004F0B6B /* Frameworks */,
				BF1A53262BFF0F2F004F0B6B /* Resources */,
			);
			buildRules = (
			);
			dependencies = (
			);
			name = "Idle Clicker";
			productName = "Idle Clicker";
			productReference = BF1A53282BFF0F2F004F0B6B /* Idle Clicker.app */;
			productType = "com.apple.product-type.application";
		};
		BF1A53372BFF0F30004F0B6B /* Idle ClickerTests */ = {
			isa = PBXNativeTarget;
			buildConfigurationList = BF1A534F2BFF0F30004F0B6B /* Build configuration list for PBXNativeTarget "Idle ClickerTests" */;
			buildPhases = (
				BF1A53342BFF0F30004F0B6B /* Sources */,
				BF1A53352BFF0F30004F0B6B /* Frameworks */,
				BF1A53362BFF0F30004F0B6B /* Resources */,
			);
			buildRules = (
			);
			dependencies = (
				BF1A533A2BFF0F30004F0B6B /* PBXTargetDependency */,
			);
			name = "Idle ClickerTests";
			productName = "Idle ClickerTests";
			productReference = BF1A53382BFF0F30004F0B6B /* Idle ClickerTests.xctest */;
			productType = "com.apple.product-type.bundle.unit-test";
		};
		BF1A53412BFF0F30004F0B6B /* Idle ClickerUITests */ = {
			isa = PBXNativeTarget;
			buildConfigurationList = BF1A53522BFF0F30004F0B6B /* Build configuration list for PBXNativeTarget "Idle ClickerUITests" */;
			buildPhases = (
				BF1A533E2BFF0F30004F0B6B /* Sources */,
				BF1A533F2BFF0F30004F0B6B /* Frameworks */,
				BF1A53402BFF0F30004F0B6B /* Resources */,
			);
			buildRules = (
			);
			dependencies = (
				BF1A53442BFF0F30004F0B6B /* PBXTargetDependency */,
			);
			name = "Idle ClickerUITests";
			productName = "Idle ClickerUITests";
			productReference = BF1A53422BFF0F30004F0B6B /* Idle ClickerUITests.xctest */;
			productType = "com.apple.product-type.bundle.ui-testing";
		};
/* End PBXNativeTarget section */

/* Begin PBXProject section */
		BF1A53202BFF0F2F004F0B6B /* Project object */ = {
			isa = PBXProject;
			attributes = {
				BuildIndependentTargetsInParallel = 1;
				LastSwiftUpdateCheck = 1530;
				LastUpgradeCheck = 1530;
				TargetAttributes = {
					BF1A53272BFF0F2F004F0B6B = {
						CreatedOnToolsVersion = 15.3;
					};
					BF1A53372BFF0F30004F0B6B = {
						CreatedOnToolsVersion = 15.3;
						TestTargetID = BF1A53272BFF0F2F004F0B6B;
					};
					BF1A53412BFF0F30004F0B6B = {
						CreatedOnToolsVersion = 15.3;
						TestTargetID = BF1A53272BFF0F2F004F0B6B;
					};
				};
			};
			buildConfigurationList = BF1A53232BFF0F2F004F0B6B /* Build configuration list for PBXProject "Idle Clicker" */;
			compatibilityVersion = "Xcode 14.0";
			developmentRegion = en;
			hasScannedForEncodings = 0;
			knownRegions = (
				en,
				Base,
			);
			mainGroup = BF1A531F2BFF0F2F004F0B6B;
			productRefGroup = BF1A53292BFF0F2F004F0B6B /* Products */;
			projectDirPath = "";
			projectRoot = "";
			targets = (
				BF1A53272BFF0F2F004F0B6B /* Idle Clicker */,
				BF1A53372BFF0F30004F0B6B /* Idle ClickerTests */,
				BF1A53412BFF0F30004F0B6B /* Idle ClickerUITests */,
			);
		};
/* End PBXProject section */

/* Begin PBXResourcesBuildPhase section */
		BF1A53262BFF0F2F004F0B6B /* Resources */ = {
			isa = PBXResourcesBuildPhase;
			buildActionMask = 2147483647;
			files = (
				BF1A53332BFF0F30004F0B6B /* Preview Assets.xcassets in Resources */,
				BF1A53302BFF0F30004F0B6B /* Assets.xcassets in Resources */,
			);
			runOnlyForDeploymentPostprocessing = 0;
		};
		BF1A53362BFF0F30004F0B6B /* Resources */ = {
			isa = PBXResourcesBuildPhase;
			buildActionMask = 2147483647;
			files = (
			);
			runOnlyForDeploymentPostprocessing = 0;
		};
		BF1A53402BFF0F30004F0B6B /* Resources */ = {
			isa = PBXResourcesBuildPhase;
			buildActionMask = 2147483647;
			files = (
			);
			runOnlyForDeploymentPostprocessing = 0;
		};
/* End PBXResourcesBuildPhase section */

/* Begin PBXSourcesBuildPhase section */
		BF1A53242BFF0F2F004F0B6B /* Sources */ = {
			isa = PBXSourcesBuildPhase;
			buildActionMask = 2147483647;
			files = (
				BF1A532E2BFF0F2F004F0B6B /* ContentView.swift in Sources */,
				BF1A532C2BFF0F2F004F0B6B /* Idle_ClickerApp.swift in Sources */,
			);
			runOnlyForDeploymentPostprocessing = 0;
		};
		BF1A53342BFF0F30004F0B6B /* Sources */ = {
			isa = PBXSourcesBuildPhase;
			buildActionMask = 2147483647;
			files = (
				BF1A533D2BFF0F30004F0B6B /* Idle_ClickerTests.swift in Sources */,
			);
			runOnlyForDeploymentPostprocessing = 0;
		};
		BF1A533E2BFF0F30004F0B6B /* Sources */ = {
			isa = PBXSourcesBuildPhase;
			buildActionMask = 2147483647;
			files = (
				BF1A53492BFF0F30004F0B6B /* Idle_ClickerUITestsLaunchTests.swift in Sources */,
				BF1A53472BFF0F30004F0B6B /* Idle_ClickerUITests.swift in Sources */,
			);
			runOnlyForDeploymentPostprocessing = 0;
		};
/* End PBXSourcesBuildPhase section */

/* Begin PBXTargetDependency section */
		BF1A533A2BFF0F30004F0B6B /* PBXTargetDependency */ = {
			isa = PBXTargetDependency;
			target = BF1A53272BFF0F2F004F0B6B /* Idle Clicker */;
			targetProxy = BF1A53392BFF0F30004F0B6B /* PBXContainerItemProxy */;
		};
		BF1A53442BFF0F30004F0B6B /* PBXTargetDependency */ = {
			isa = PBXTargetDependency;
			target = BF1A53272BFF0F2F004F0B6B /* Idle Clicker */;
			targetProxy = BF1A53432BFF0F30004F0B6B /* PBXContainerItemProxy */;
		};
/* End PBXTargetDependency section */

/* Begin XCBuildConfiguration section */
		BF1A534A2BFF0F30004F0B6B /* Debug */ = {
			isa = XCBuildConfiguration;
			buildSettings = {
				ALWAYS_SEARCH_USER_PATHS = NO;
				ASSETCATALOG_COMPILER_GENERATE_SWIFT_ASSET_SYMBOL_EXTENSIONS = YES;
				CLANG_ANALYZER_NONNULL = YES;
				CLANG_ANALYZER_NUMBER_OBJECT_CONVERSION = YES_AGGRESSIVE;
				CLANG_CXX_LANGUAGE_STANDARD = "gnu++20";
				CLANG_ENABLE_MODULES = YES;
				CLANG_ENABLE_OBJC_ARC = YES;
				CLANG_ENABLE_OBJC_WEAK = YES;
				CLANG_WARN_BLOCK_CAPTURE_AUTORELEASING = YES;
				CLANG_WARN_BOOL_CONVERSION = YES;
				CLANG_WARN_COMMA = YES;
				CLANG_WARN_CONSTANT_CONVERSION = YES;
				CLANG_WARN_DEPRECATED_OBJC_IMPLEMENTATIONS = YES;
				CLANG_WARN_DIRECT_OBJC_ISA_USAGE = YES_ERROR;
				CLANG_WARN_DOCUMENTATION_COMMENTS = YES;
				CLANG_WARN_EMPTY_BODY = YES;
				CLANG_WARN_ENUM_CONVERSION = YES;
				CLANG_WARN_INFINITE_RECURSION = YES;
				CLANG_WARN_INT_CONVERSION = YES;
				CLANG_WARN_NON_LITERAL_NULL_CONVERSION = YES;
				CLANG_WARN_OBJC_IMPLICIT_RETAIN_SELF = YES;
				CLANG_WARN_OBJC_LITERAL_CONVERSION = YES;
				CLANG_WARN_OBJC_ROOT_CLASS = YES_ERROR;
				CLANG_WARN_QUOTED_INCLUDE_IN_FRAMEWORK_HEADER = YES;
				CLANG_WARN_RANGE_LOOP_ANALYSIS = YES;
				CLANG_WARN_STRICT_PROTOTYPES = YES;
				CLANG_WARN_SUSPICIOUS_MOVE = YES;
				CLANG_WARN_UNGUARDED_AVAILABILITY = YES_AGGRESSIVE;
				CLANG_WARN_UNREACHABLE_CODE = YES;
				CLANG_WARN__DUPLICATE_METHOD_MATCH = YES;
				COPY_PHASE_STRIP = NO;
				DEBUG_INFORMATION_FORMAT = dwarf;
				ENABLE_STRICT_OBJC_MSGSEND = YES;
				ENABLE_TESTABILITY = YES;
				ENABLE_USER_SCRIPT_SANDBOXING = YES;
				GCC_C_LANGUAGE_STANDARD = gnu17;
				GCC_DYNAMIC_NO_PIC = NO;
				GCC_NO_COMMON_BLOCKS = YES;
				GCC_OPTIMIZATION_LEVEL = 0;
				GCC_PREPROCESSOR_DEFINITIONS = (
					"DEBUG=1",
					"$(inherited)",
				);
				GCC_WARN_64_TO_32_BIT_CONVERSION = YES;
				GCC_WARN_ABOUT_RETURN_TYPE = YES_ERROR;
				GCC_WARN_UNDECLARED_SELECTOR = YES;
				GCC_WARN_UNINITIALIZED_AUTOS = YES_AGGRESSIVE;
				GCC_WARN_UNUSED_FUNCTION = YES;
				GCC_WARN_UNUSED_VARIABLE = YES;
				IPHONEOS_DEPLOYMENT_TARGET = 17.4;
				LOCALIZATION_PREFERS_STRING_CATALOGS = YES;
				MTL_ENABLE_DEBUG_INFO = INCLUDE_SOURCE;
				MTL_FAST_MATH = YES;
				ONLY_ACTIVE_ARCH = YES;
				SDKROOT = iphoneos;
				SWIFT_ACTIVE_COMPILATION_CONDITIONS = "DEBUG $(inherited)";
				SWIFT_OPTIMIZATION_LEVEL = "-Onone";
			};
			name = Debug;
		};
		BF1A534B2BFF0F30004F0B6B /* Release */ = {
			isa = XCBuildConfiguration;
			buildSettings = {
				ALWAYS_SEARCH_USER_PATHS = NO;
				ASSETCATALOG_COMPILER_GENERATE_SWIFT_ASSET_SYMBOL_EXTENSIONS = YES;
				CLANG_ANALYZER_NONNULL = YES;
				CLANG_ANALYZER_NUMBER_OBJECT_CONVERSION = YES_AGGRESSIVE;
				CLANG_CXX_LANGUAGE_STANDARD = "gnu++20";
				CLANG_ENABLE_MODULES = YES;
				CLANG_ENABLE_OBJC_ARC = YES;
				CLANG_ENABLE_OBJC_WEAK = YES;
				CLANG_WARN_BLOCK_CAPTURE_AUTORELEASING = YES;
				CLANG_WARN_BOOL_CONVERSION = YES;
				CLANG_WARN_COMMA = YES;
				CLANG_WARN_CONSTANT_CONVERSION = YES;
				CLANG_WARN_DEPRECATED_OBJC_IMPLEMENTATIONS = YES;
				CLANG_WARN_DIRECT_OBJC_ISA_USAGE = YES_ERROR;
				CLANG_WARN_DOCUMENTATION_COMMENTS = YES;
				CLANG_WARN_EMPTY_BODY = YES;
				CLANG_WARN_ENUM_CONVERSION = YES;
				CLANG_WARN_INFINITE_RECURSION = YES;
				CLANG_WARN_INT_CONVERSION = YES;
				CLANG_WARN_NON_LITERAL_NULL_CONVERSION = YES;
				CLANG_WARN_OBJC_IMPLICIT_RETAIN_SELF = YES;
				CLANG_WARN_OBJC_LITERAL_CONVERSION = YES;
				CLANG_WARN_OBJC_ROOT_CLASS = YES_ERROR;
				CLANG_WARN_QUOTED_INCLUDE_IN_FRAMEWORK_HEADER = YES;
				CLANG_WARN_RANGE_LOOP_ANALYSIS = YES;
				CLANG_WARN_STRICT_PROTOTYPES = YES;
				CLANG_WARN_SUSPICIOUS_MOVE = YES;
				CLANG_WARN_UNGUARDED_AVAILABILITY = YES_AGGRESSIVE;
				CLANG_WARN_UNREACHABLE_CODE = YES;
				CLANG_WARN__DUPLICATE_METHOD_MATCH = YES;
				COPY_PHASE_STRIP = NO;
				DEBUG_INFORMATION_FORMAT = "dwarf-with-dsym";
				ENABLE_NS_ASSERTIONS = NO;
				ENABLE_STRICT_OBJC_MSGSEND = YES;
				ENABLE_USER_SCRIPT_SANDBOXING = YES;
				GCC_C_LANGUAGE_STANDARD = gnu17;
				GCC_NO_COMMON_BLOCKS = YES;
				GCC_WARN_64_TO_32_BIT_CONVERSION = YES;
				GCC_WARN_ABOUT_RETURN_TYPE = YES_ERROR;
				GCC_WARN_UNDECLARED_SELECTOR = YES;
				GCC_WARN_UNINITIALIZED_AUTOS = YES_AGGRESSIVE;
				GCC_WARN_UNUSED_FUNCTION = YES;
				GCC_WARN_UNUSED_VARIABLE = YES;
				IPHONEOS_DEPLOYMENT_TARGET = 17.4;
				LOCALIZATION_PREFERS_STRING_CATALOGS = YES;
				MTL_ENABLE_DEBUG_INFO = NO;
				MTL_FAST_MATH = YES;
				SDKROOT = iphoneos;
				SWIFT_COMPILATION_MODE = wholemodule;
				VALIDATE_PRODUCT = YES;
			};
			name = Release;
		};
		BF1A534D2BFF0F30004F0B6B /* Debug */ = {
			isa = XCBuildConfiguration;
			buildSettings = {
				ASSETCATALOG_COMPILER_APPICON_NAME = AppIcon;
				ASSETCATALOG_COMPILER_GLOBAL_ACCENT_COLOR_NAME = AccentColor;
				CODE_SIGN_STYLE = Automatic;
				CURRENT_PROJECT_VERSION = 1;
				DEVELOPMENT_ASSET_PATHS = "\"Idle Clicker/Preview Content\"";
				DEVELOPMENT_TEAM = VANB25GJJC;
				ENABLE_PREVIEWS = YES;
				GENERATE_INFOPLIST_FILE = YES;
				INFOPLIST_KEY_UIApplicationSceneManifest_Generation = YES;
				INFOPLIST_KEY_UIApplicationSupportsIndirectInputEvents = YES;
				INFOPLIST_KEY_UILaunchScreen_Generation = YES;
				INFOPLIST_KEY_UISupportedInterfaceOrientations_iPad = "UIInterfaceOrientationPortrait UIInterfaceOrientationPortraitUpsideDown UIInterfaceOrientationLandscapeLeft UIInterfaceOrientationLandscapeRight";
				INFOPLIST_KEY_UISupportedInterfaceOrientations_iPhone = "UIInterfaceOrientationPortrait UIInterfaceOrientationLandscapeLeft UIInterfaceOrientationLandscapeRight";
				LD_RUNPATH_SEARCH_PATHS = (
					"$(inherited)",
					"@executable_path/Frameworks",
				);
				MARKETING_VERSION = 1.0;
				PRODUCT_BUNDLE_IDENTIFIER = "com.Louie.Idle-Clicker";
				PRODUCT_NAME = "$(TARGET_NAME)";
				SWIFT_EMIT_LOC_STRINGS = YES;
				SWIFT_VERSION = 5.0;
				TARGETED_DEVICE_FAMILY = "1,2";
			};
			name = Debug;
		};
		BF1A534E2BFF0F30004F0B6B /* Release */ = {
			isa = XCBuildConfiguration;
			buildSettings = {
				ASSETCATALOG_COMPILER_APPICON_NAME = AppIcon;
				ASSETCATALOG_COMPILER_GLOBAL_ACCENT_COLOR_NAME = AccentColor;
				CODE_SIGN_STYLE = Automatic;
				CURRENT_PROJECT_VERSION = 1;
				DEVELOPMENT_ASSET_PATHS = "\"Idle Clicker/Preview Content\"";
				DEVELOPMENT_TEAM = VANB25GJJC;
				ENABLE_PREVIEWS = YES;
				GENERATE_INFOPLIST_FILE = YES;
				INFOPLIST_KEY_UIApplicationSceneManifest_Generation = YES;
				INFOPLIST_KEY_UIApplicationSupportsIndirectInputEvents = YES;
				INFOPLIST_KEY_UILaunchScreen_Generation = YES;
				INFOPLIST_KEY_UISupportedInterfaceOrientations_iPad = "UIInterfaceOrientationPortrait UIInterfaceOrientationPortraitUpsideDown UIInterfaceOrientationLandscapeLeft UIInterfaceOrientationLandscapeRight";
				INFOPLIST_KEY_UISupportedInterfaceOrientations_iPhone = "UIInterfaceOrientationPortrait UIInterfaceOrientationLandscapeLeft UIInterfaceOrientationLandscapeRight";
				LD_RUNPATH_SEARCH_PATHS = (
					"$(inherited)",
					"@executable_path/Frameworks",
				);
				MARKETING_VERSION = 1.0;
				PRODUCT_BUNDLE_IDENTIFIER = "com.Louie.Idle-Clicker";
				PRODUCT_NAME = "$(TARGET_NAME)";
				SWIFT_EMIT_LOC_STRINGS = YES;
				SWIFT_VERSION = 5.0;
				TARGETED_DEVICE_FAMILY = "1,2";
			};
			name = Release;
		};
		BF1A53502BFF0F30004F0B6B /* Debug */ = {
			isa = XCBuildConfiguration;
			buildSettings = {
				ALWAYS_EMBED_SWIFT_STANDARD_LIBRARIES = YES;
				BUNDLE_LOADER = "$(TEST_HOST)";
				CODE_SIGN_STYLE = Automatic;
				CURRENT_PROJECT_VERSION = 1;
				DEVELOPMENT_TEAM = VANB25GJJC;
				GENERATE_INFOPLIST_FILE = YES;
				IPHONEOS_DEPLOYMENT_TARGET = 17.4;
				MARKETING_VERSION = 1.0;
				PRODUCT_BUNDLE_IDENTIFIER = "com.Louie.Idle-ClickerTests";
				PRODUCT_NAME = "$(TARGET_NAME)";
				SWIFT_EMIT_LOC_STRINGS = NO;
				SWIFT_VERSION = 5.0;
				TARGETED_DEVICE_FAMILY = "1,2";
				TEST_HOST = "$(BUILT_PRODUCTS_DIR)/Idle Clicker.app/$(BUNDLE_EXECUTABLE_FOLDER_PATH)/Idle Clicker";
			};
			name = Debug;
		};
		BF1A53512BFF0F30004F0B6B /* Release */ = {
			isa = XCBuildConfiguration;
			buildSettings = {
				ALWAYS_EMBED_SWIFT_STANDARD_LIBRARIES = YES;
				BUNDLE_LOADER = "$(TEST_HOST)";
				CODE_SIGN_STYLE = Automatic;
				CURRENT_PROJECT_VERSION = 1;
				DEVELOPMENT_TEAM = VANB25GJJC;
				GENERATE_INFOPLIST_FILE = YES;
				IPHONEOS_DEPLOYMENT_TARGET = 17.4;
				MARKETING_VERSION = 1.0;
				PRODUCT_BUNDLE_IDENTIFIER = "com.Louie.Idle-ClickerTests";
				PRODUCT_NAME = "$(TARGET_NAME)";
				SWIFT_EMIT_LOC_STRINGS = NO;
				SWIFT_VERSION = 5.0;
				TARGETED_DEVICE_FAMILY = "1,2";
				TEST_HOST = "$(BUILT_PRODUCTS_DIR)/Idle Clicker.app/$(BUNDLE_EXECUTABLE_FOLDER_PATH)/Idle Clicker";
			};
			name = Release;
		};
		BF1A53532BFF0F30004F0B6B /* Debug */ = {
			isa = XCBuildConfiguration;
			buildSettings = {
				ALWAYS_EMBED_SWIFT_STANDARD_LIBRARIES = YES;
				CODE_SIGN_STYLE = Automatic;
				CURRENT_PROJECT_VERSION = 1;
				DEVELOPMENT_TEAM = VANB25GJJC;
				GENERATE_INFOPLIST_FILE = YES;
				MARKETING_VERSION = 1.0;
				PRODUCT_BUNDLE_IDENTIFIER = "com.Louie.Idle-ClickerUITests";
				PRODUCT_NAME = "$(TARGET_NAME)";
				SWIFT_EMIT_LOC_STRINGS = NO;
				SWIFT_VERSION = 5.0;
				TARGETED_DEVICE_FAMILY = "1,2";
				TEST_TARGET_NAME = "Idle Clicker";
			};
			name = Debug;
		};
		BF1A53542BFF0F30004F0B6B /* Release */ = {
			isa = XCBuildConfiguration;
			buildSettings = {
				ALWAYS_EMBED_SWIFT_STANDARD_LIBRARIES = YES;
				CODE_SIGN_STYLE = Automatic;
				CURRENT_PROJECT_VERSION = 1;
				DEVELOPMENT_TEAM = VANB25GJJC;
				GENERATE_INFOPLIST_FILE = YES;
				MARKETING_VERSION = 1.0;
				PRODUCT_BUNDLE_IDENTIFIER = "com.Louie.Idle-ClickerUITests";
				PRODUCT_NAME = "$(TARGET_NAME)";
				SWIFT_EMIT_LOC_STRINGS = NO;
				SWIFT_VERSION = 5.0;
				TARGETED_DEVICE_FAMILY = "1,2";
				TEST_TARGET_NAME = "Idle Clicker";
			};
			name = Release;
		};
/* End XCBuildConfiguration section */

/* Begin XCConfigurationList section */
		BF1A53232BFF0F2F004F0B6B /* Build configuration list for PBXProject "Idle Clicker" */ = {
			isa = XCConfigurationList;
			buildConfigurations = (
				BF1A534A2BFF0F30004F0B6B /* Debug */,
				BF1A534B2BFF0F30004F0B6B /* Release */,
			);
			defaultConfigurationIsVisible = 0;
			defaultConfigurationName = Release;
		};
		BF1A534C2BFF0F30004F0B6B /* Build configuration list for PBXNativeTarget "Idle Clicker" */ = {
			isa = XCConfigurationList;
			buildConfigurations = (
				BF1A534D2BFF0F30004F0B6B /* Debug */,
				BF1A534E2BFF0F30004F0B6B /* Release */,
			);
			defaultConfigurationIsVisible = 0;
			defaultConfigurationName = Release;
		};
		BF1A534F2BFF0F30004F0B6B /* Build configuration list for PBXNativeTarget "Idle ClickerTests" */ = {
			isa = XCConfigurationList;
			buildConfigurations = (
				BF1A53502BFF0F30004F0B6B /* Debug */,
				BF1A53512BFF0F30004F0B6B /* Release */,
			);
			defaultConfigurationIsVisible = 0;
			defaultConfigurationName = Release;
		};
		BF1A53522BFF0F30004F0B6B /* Build configuration list for PBXNativeTarget "Idle ClickerUITests" */ = {
			isa = XCConfigurationList;
			buildConfigurations = (
				BF1A53532BFF0F30004F0B6B /* Debug */,
				BF1A53542BFF0F30004F0B6B /* Release */,
			);
			defaultConfigurationIsVisible = 0;
			defaultConfigurationName = Release;
		};
/* End XCConfigurationList section */
	};
	rootObject = BF1A53202BFF0F2F004F0B6B /* Project object */;
}
